
Microsoft Visual Studio Solution File, Format Version 12.00
# Visual Studio 14
VisualStudioVersion = 14.0.25420.1
MinimumVisualStudioVersion = 10.0.40219.1
Project("{FAE04EC0-301F-11D3-BF4B-00C04F79EFBC}") = "Spring.Net.Example", "Spring.Net.Example\Spring.Net.Example.csproj", "{C63060DB-D550-4316-9D25-67C8A2C03895}"
EndProject
Project("{FAE04EC0-301F-11D3-BF4B-00C04F79EFBC}") = "Spring.Net.Example.Service", "Spring.Net.Service\Spring.Net.Example.Service.csproj", "{605311ED-5A04-4750-8CFD-2E8473E2D55E}"
EndProject
Project("{FAE04EC0-301F-11D3-BF4B-00C04F79EFBC}") = "Spring.Net.Example.IDao", "Spring.Net.Example.IDao\Spring.Net.Example.IDao.csproj", "{EB46447B-3A1A-465F-A7FA-3FD323EA5434}"
EndProject
Project("{FAE04EC0-301F-11D3-BF4B-00C04F79EFBC}") = "Spring.Net.Example.Dao", "Spring.Net.Example.Dao\Spring.Net.Example.Dao.csproj", "{5E42D978-76DD-467C-A2EE-A73DD7CC605F}"
EndProject
Project("{FAE04EC0-301F-11D3-BF4B-00C04F79EFBC}") = "Spring.Net.Example.IBLL", "Spring.Net.Example.IBLL\Spring.Net.Example.IBLL.csproj", "{104880A5-DA77-4140-A6F0-0D0F9A535B8D}"
EndProject
Project("{FAE04EC0-301F-11D3-BF4B-00C04F79EFBC}") = "Spring.Net.Example.BLL", "Spring.Net.Example.BLL\Spring.Net.Example.BLL.csproj", "{0BF010CE-9E54-47C4-ABC6-26A7FC121F3E}"
EndProject
Project("{FAE04EC0-301F-11D3-BF4B-00C04F79EFBC}") = "Spring.Net.Example.Model", "Spring.Net.Example.Model\Spring.Net.Example.Model.csproj", "{19F3161A-17D2-4BFB-A4F2-EB030078C576}"
EndProject
Project("{FAE04EC0-301F-11D3-BF4B-00C04F79EFBC}") = "Spring.Net.Example.HibernateDao", "Spring.Net.Example.HibernateDao\Spring.Net.Example.HibernateDao.csproj", "{A4F83D23-C577-4858-82BA-0ABF03C9E758}"
EndProject
Project("{FAE04EC0-301F-11D3-BF4B-00C04F79EFBC}") = "Spring.Net.Example.Server", "Spring.Net.Example.Server\Spring.Net.Example.Server.csproj", "{18B8612E-D06C-4A21-94B2-D62FF17BAB21}"
EndProject
Project("{2150E333-8FDC-42A3-9474-1A3956D46DE8}") = "Public", "Public", "{037F3581-B975-4375-B278-8216898F7CDD}"
EndProject
Project("{FAE04EC0-301F-11D3-BF4B-00C04F79EFBC}") = "BaseDto", "BaseDto\BaseDto.csproj", "{4CA45E92-93A7-472F-BBC8-FC251D9DCBCF}"
EndProject
Project("{FAE04EC0-301F-11D3-BF4B-00C04F79EFBC}") = "BaseModel", "BaseModel\BaseModel.csproj", "{080C9282-7911-4DF5-B052-D046E063DBF4}"
EndProject
Project("{FAE04EC0-301F-11D3-BF4B-00C04F79EFBC}") = "Cache", "Cache\Cache.csproj", "{62ACD7B2-4D59-4DEB-B3BA-6B993AD91969}"
EndProject
Project("{FAE04EC0-301F-11D3-BF4B-00C04F79EFBC}") = "EnsureThat", "EnsureThat\EnsureThat.csproj", "{B73E3668-3F34-45A2-91C1-775FCDA0893A}"
EndProject
Project("{FAE04EC0-301F-11D3-BF4B-00C04F79EFBC}") = "Global", "Global\Global.csproj", "{422702F0-5682-4F4F-BAFB-9CA92E43E2F9}"
EndProject
Project("{FAE04EC0-301F-11D3-BF4B-00C04F79EFBC}") = "Infrastructure", "Infrastructure\Infrastructure.csproj", "{23AC612E-F3C3-4A1C-87FC-B6168AC9CC34}"
EndProject
Project("{FAE04EC0-301F-11D3-BF4B-00C04F79EFBC}") = "Log", "Log\Log.csproj", "{CE4DAFFC-F0C2-4910-9F0F-BB35651A0158}"
EndProject
Project("{FAE04EC0-301F-11D3-BF4B-00C04F79EFBC}") = "Sso", "Sso\Sso.csproj", "{1D81D115-B4DE-4290-B312-5BDAD38FFD8D}"
EndProject
Project("{FAE04EC0-301F-11D3-BF4B-00C04F79EFBC}") = "Spring.Net.Example.Core", "Spring.Net.Example.Core\Spring.Net.Example.Core.csproj", "{B370C219-9585-4B86-8A72-7181A1A5A12A}"
EndProject
Project("{FAE04EC0-301F-11D3-BF4B-00C04F79EFBC}") = "Spring.Net.Example.EFDao", "Spring.Net.Example.EFDao\Spring.Net.Example.EFDao.csproj", "{B1FDAF90-E043-4CD2-9784-9ECE9D5C846E}"
EndProject
Project("{FAE04EC0-301F-11D3-BF4B-00C04F79EFBC}") = "Test", "Test\Test.csproj", "{DBCA1E9E-E1B3-4824-9EB7-5E157B5FF19B}"
EndProject
Global
	GlobalSection(SolutionConfigurationPlatforms) = preSolution
		Debug|Any CPU = Debug|Any CPU
		Release|Any CPU = Release|Any CPU
	EndGlobalSection
	GlobalSection(ProjectConfigurationPlatforms) = postSolution
		{C63060DB-D550-4316-9D25-67C8A2C03895}.Debug|Any CPU.ActiveCfg = Debug|Any CPU
		{C63060DB-D550-4316-9D25-67C8A2C03895}.Debug|Any CPU.Build.0 = Debug|Any CPU
		{C63060DB-D550-4316-9D25-67C8A2C03895}.Release|Any CPU.ActiveCfg = Release|Any CPU
		{C63060DB-D550-4316-9D25-67C8A2C03895}.Release|Any CPU.Build.0 = Release|Any CPU
		{605311ED-5A04-4750-8CFD-2E8473E2D55E}.Debug|Any CPU.ActiveCfg = Debug|Any CPU
		{605311ED-5A04-4750-8CFD-2E8473E2D55E}.Debug|Any CPU.Build.0 = Debug|Any CPU
		{605311ED-5A04-4750-8CFD-2E8473E2D55E}.Release|Any CPU.ActiveCfg = Release|Any CPU
		{605311ED-5A04-4750-8CFD-2E8473E2D55E}.Release|Any CPU.Build.0 = Release|Any CPU
		{EB46447B-3A1A-465F-A7FA-3FD323EA5434}.Debug|Any CPU.ActiveCfg = Debug|Any CPU
		{EB46447B-3A1A-465F-A7FA-3FD323EA5434}.Debug|Any CPU.Build.0 = Debug|Any CPU
		{EB46447B-3A1A-465F-A7FA-3FD323EA5434}.Release|Any CPU.ActiveCfg = Release|Any CPU
		{EB46447B-3A1A-465F-A7FA-3FD323EA5434}.Release|Any CPU.Build.0 = Release|Any CPU
		{5E42D978-76DD-467C-A2EE-A73DD7CC605F}.Debug|Any CPU.ActiveCfg = Debug|Any CPU
		{5E42D978-76DD-467C-A2EE-A73DD7CC605F}.Debug|Any CPU.Build.0 = Debug|Any CPU
		{5E42D978-76DD-467C-A2EE-A73DD7CC605F}.Release|Any CPU.ActiveCfg = Release|Any CPU
		{5E42D978-76DD-467C-A2EE-A73DD7CC605F}.Release|Any CPU.Build.0 = Release|Any CPU
		{104880A5-DA77-4140-A6F0-0D0F9A535B8D}.Debug|Any CPU.ActiveCfg = Debug|Any CPU
		{104880A5-DA77-4140-A6F0-0D0F9A535B8D}.Debug|Any CPU.Build.0 = Debug|Any CPU
		{104880A5-DA77-4140-A6F0-0D0F9A535B8D}.Release|Any CPU.ActiveCfg = Release|Any CPU
		{104880A5-DA77-4140-A6F0-0D0F9A535B8D}.Release|Any CPU.Build.0 = Release|Any CPU
		{0BF010CE-9E54-47C4-ABC6-26A7FC121F3E}.Debug|Any CPU.ActiveCfg = Debug|Any CPU
		{0BF010CE-9E54-47C4-ABC6-26A7FC121F3E}.Debug|Any CPU.Build.0 = Debug|Any CPU
		{0BF010CE-9E54-47C4-ABC6-26A7FC121F3E}.Release|Any CPU.ActiveCfg = Release|Any CPU
		{0BF010CE-9E54-47C4-ABC6-26A7FC121F3E}.Release|Any CPU.Build.0 = Release|Any CPU
		{19F3161A-17D2-4BFB-A4F2-EB030078C576}.Debug|Any CPU.ActiveCfg = Debug|Any CPU
		{19F3161A-17D2-4BFB-A4F2-EB030078C576}.Debug|Any CPU.Build.0 = Debug|Any CPU
		{19F3161A-17D2-4BFB-A4F2-EB030078C576}.Release|Any CPU.ActiveCfg = Release|Any CPU
		{19F3161A-17D2-4BFB-A4F2-EB030078C576}.Release|Any CPU.Build.0 = Release|Any CPU
		{A4F83D23-C577-4858-82BA-0ABF03C9E758}.Debug|Any CPU.ActiveCfg = Debug|Any CPU
		{A4F83D23-C577-4858-82BA-0ABF03C9E758}.Debug|Any CPU.Build.0 = Debug|Any CPU
		{A4F83D23-C577-4858-82BA-0ABF03C9E758}.Release|Any CPU.ActiveCfg = Release|Any CPU
		{A4F83D23-C577-4858-82BA-0ABF03C9E758}.Release|Any CPU.Build.0 = Release|Any CPU
		{18B8612E-D06C-4A21-94B2-D62FF17BAB21}.Debug|Any CPU.ActiveCfg = Debug|Any CPU
		{18B8612E-D06C-4A21-94B2-D62FF17BAB21}.Debug|Any CPU.Build.0 = Debug|Any CPU
		{18B8612E-D06C-4A21-94B2-D62FF17BAB21}.Release|Any CPU.ActiveCfg = Release|Any CPU
		{18B8612E-D06C-4A21-94B2-D62FF17BAB21}.Release|Any CPU.Build.0 = Release|Any CPU
		{4CA45E92-93A7-472F-BBC8-FC251D9DCBCF}.Debug|Any CPU.ActiveCfg = Debug|Any CPU
		{4CA45E92-93A7-472F-BBC8-FC251D9DCBCF}.Debug|Any CPU.Build.0 = Debug|Any CPU
		{4CA45E92-93A7-472F-BBC8-FC251D9DCBCF}.Release|Any CPU.ActiveCfg = Release|Any CPU
		{4CA45E92-93A7-472F-BBC8-FC251D9DCBCF}.Release|Any CPU.Build.0 = Release|Any CPU
		{080C9282-7911-4DF5-B052-D046E063DBF4}.Debug|Any CPU.ActiveCfg = Debug|Any CPU
		{080C9282-7911-4DF5-B052-D046E063DBF4}.Debug|Any CPU.Build.0 = Debug|Any CPU
		{080C9282-7911-4DF5-B052-D046E063DBF4}.Release|Any CPU.ActiveCfg = Release|Any CPU
		{080C9282-7911-4DF5-B052-D046E063DBF4}.Release|Any CPU.Build.0 = Release|Any CPU
		{62ACD7B2-4D59-4DEB-B3BA-6B993AD91969}.Debug|Any CPU.ActiveCfg = Debug|Any CPU
		{62ACD7B2-4D59-4DEB-B3BA-6B993AD91969}.Debug|Any CPU.Build.0 = Debug|Any CPU
		{62ACD7B2-4D59-4DEB-B3BA-6B993AD91969}.Release|Any CPU.ActiveCfg = Release|Any CPU
		{62ACD7B2-4D59-4DEB-B3BA-6B993AD91969}.Release|Any CPU.Build.0 = Release|Any CPU
		{B73E3668-3F34-45A2-91C1-775FCDA0893A}.Debug|Any CPU.ActiveCfg = Debug|Any CPU
		{B73E3668-3F34-45A2-91C1-775FCDA0893A}.Debug|Any CPU.Build.0 = Debug|Any CPU
		{B73E3668-3F34-45A2-91C1-775FCDA0893A}.Release|Any CPU.ActiveCfg = Release|Any CPU
		{B73E3668-3F34-45A2-91C1-775FCDA0893A}.Release|Any CPU.Build.0 = Release|Any CPU
		{422702F0-5682-4F4F-BAFB-9CA92E43E2F9}.Debug|Any CPU.ActiveCfg = Debug|Any CPU
		{422702F0-5682-4F4F-BAFB-9CA92E43E2F9}.Debug|Any CPU.Build.0 = Debug|Any CPU
		{422702F0-5682-4F4F-BAFB-9CA92E43E2F9}.Release|Any CPU.ActiveCfg = Release|Any CPU
		{422702F0-5682-4F4F-BAFB-9CA92E43E2F9}.Release|Any CPU.Build.0 = Release|Any CPU
		{23AC612E-F3C3-4A1C-87FC-B6168AC9CC34}.Debug|Any CPU.ActiveCfg = Debug|Any CPU
		{23AC612E-F3C3-4A1C-87FC-B6168AC9CC34}.Debug|Any CPU.Build.0 = Debug|Any CPU
		{23AC612E-F3C3-4A1C-87FC-B6168AC9CC34}.Release|Any CPU.ActiveCfg = Release|Any CPU
		{23AC612E-F3C3-4A1C-87FC-B6168AC9CC34}.Release|Any CPU.Build.0 = Release|Any CPU
		{CE4DAFFC-F0C2-4910-9F0F-BB35651A0158}.Debug|Any CPU.ActiveCfg = Debug|Any CPU
		{CE4DAFFC-F0C2-4910-9F0F-BB35651A0158}.Debug|Any CPU.Build.0 = Debug|Any CPU
		{CE4DAFFC-F0C2-4910-9F0F-BB35651A0158}.Release|Any CPU.ActiveCfg = Release|Any CPU
		{CE4DAFFC-F0C2-4910-9F0F-BB35651A0158}.Release|Any CPU.Build.0 = Release|Any CPU
		{1D81D115-B4DE-4290-B312-5BDAD38FFD8D}.Debug|Any CPU.ActiveCfg = Debug|Any CPU
		{1D81D115-B4DE-4290-B312-5BDAD38FFD8D}.Debug|Any CPU.Build.0 = Debug|Any CPU
		{1D81D115-B4DE-4290-B312-5BDAD38FFD8D}.Release|Any CPU.ActiveCfg = Release|Any CPU
		{1D81D115-B4DE-4290-B312-5BDAD38FFD8D}.Release|Any CPU.Build.0 = Release|Any CPU
		{B370C219-9585-4B86-8A72-7181A1A5A12A}.Debug|Any CPU.ActiveCfg = Debug|Any CPU
		{B370C219-9585-4B86-8A72-7181A1A5A12A}.Debug|Any CPU.Build.0 = Debug|Any CPU
		{B370C219-9585-4B86-8A72-7181A1A5A12A}.Release|Any CPU.ActiveCfg = Release|Any CPU
		{B370C219-9585-4B86-8A72-7181A1A5A12A}.Release|Any CPU.Build.0 = Release|Any CPU
		{B1FDAF90-E043-4CD2-9784-9ECE9D5C846E}.Debug|Any CPU.ActiveCfg = Debug|Any CPU
		{B1FDAF90-E043-4CD2-9784-9ECE9D5C846E}.Debug|Any CPU.Build.0 = Debug|Any CPU
		{B1FDAF90-E043-4CD2-9784-9ECE9D5C846E}.Release|Any CPU.ActiveCfg = Release|Any CPU
		{B1FDAF90-E043-4CD2-9784-9ECE9D5C846E}.Release|Any CPU.Build.0 = Release|Any CPU
		{DBCA1E9E-E1B3-4824-9EB7-5E157B5FF19B}.Debug|Any CPU.ActiveCfg = Debug|Any CPU
		{DBCA1E9E-E1B3-4824-9EB7-5E157B5FF19B}.Debug|Any CPU.Build.0 = Debug|Any CPU
		{DBCA1E9E-E1B3-4824-9EB7-5E157B5FF19B}.Release|Any CPU.ActiveCfg = Release|Any CPU
		{DBCA1E9E-E1B3-4824-9EB7-5E157B5FF19B}.Release|Any CPU.Build.0 = Release|Any CPU
	EndGlobalSection
	GlobalSection(SolutionProperties) = preSolution
		HideSolutionNode = FALSE
	EndGlobalSection
	GlobalSection(NestedProjects) = preSolution
		{4CA45E92-93A7-472F-BBC8-FC251D9DCBCF} = {037F3581-B975-4375-B278-8216898F7CDD}
		{080C9282-7911-4DF5-B052-D046E063DBF4} = {037F3581-B975-4375-B278-8216898F7CDD}
		{62ACD7B2-4D59-4DEB-B3BA-6B993AD91969} = {037F3581-B975-4375-B278-8216898F7CDD}
		{B73E3668-3F34-45A2-91C1-775FCDA0893A} = {037F3581-B975-4375-B278-8216898F7CDD}
		{422702F0-5682-4F4F-BAFB-9CA92E43E2F9} = {037F3581-B975-4375-B278-8216898F7CDD}
		{23AC612E-F3C3-4A1C-87FC-B6168AC9CC34} = {037F3581-B975-4375-B278-8216898F7CDD}
		{CE4DAFFC-F0C2-4910-9F0F-BB35651A0158} = {037F3581-B975-4375-B278-8216898F7CDD}
		{1D81D115-B4DE-4290-B312-5BDAD38FFD8D} = {037F3581-B975-4375-B278-8216898F7CDD}
	EndGlobalSection
EndGlobal
